
Microsoft Visual Studio Solution File, Format Version 12.00
# Visual Studio Version 16
VisualStudioVersion = 16.0.30128.74
MinimumVisualStudioVersion = 10.0.40219.1
Project("{9A19103F-16F7-4668-BE54-9A1E7A4F7556}") = "DeadFESHsMod", "DeadFESHsMod.csproj", "{2FE0360D-8463-4823-AC58-A807D5A1BCDC}"
EndProject
Global
	GlobalSection(SolutionConfigurationPlatforms) = preSolution
		Debug|Any CPU = Debug|Any CPU
		Release|Any CPU = Release|Any CPU
	EndGlobalSection
	GlobalSection(ProjectConfigurationPlatforms) = postSolution
		{2FE0360D-8463-4823-AC58-A807D5A1BCDC}.Debug|Any CPU.ActiveCfg = Debug|Any CPU
		{2FE0360D-8463-4823-AC58-A807D5A1BCDC}.Debug|Any CPU.Build.0 = Debug|Any CPU
		{2FE0360D-8463-4823-AC58-A807D5A1BCDC}.Release|Any CPU.ActiveCfg = Release|Any CPU
		{2FE0360D-8463-4823-AC58-A807D5A1BCDC}.Release|Any CPU.Build.0 = Release|Any CPU
	EndGlobalSection
	GlobalSection(SolutionProperties) = preSolution
		HideSolutionNode = FALSE
	EndGlobalSection
	GlobalSection(ExtensibilityGlobals) = postSolution
		SolutionGuid = {FDF6BB5E-DB88-43D3-89FA-4A223CC4FFF3}
	EndGlobalSection
EndGlobal
