
Microsoft Visual Studio Solution File, Format Version 12.00
# Visual Studio Version 16
VisualStudioVersion = 16.0.30204.135
MinimumVisualStudioVersion = 10.0.40219.1
Project("{9A19103F-16F7-4668-BE54-9A1E7A4F7556}") = "OrsonsMod", "OrsonsMod.csproj", "{62585CFB-52AD-43CD-AB22-55BE188CBD81}"
EndProject
Global
	GlobalSection(SolutionConfigurationPlatforms) = preSolution
		Debug|Any CPU = Debug|Any CPU
		Release|Any CPU = Release|Any CPU
	EndGlobalSection
	GlobalSection(ProjectConfigurationPlatforms) = postSolution
		{62585CFB-52AD-43CD-AB22-55BE188CBD81}.Debug|Any CPU.ActiveCfg = Debug|Any CPU
		{62585CFB-52AD-43CD-AB22-55BE188CBD81}.Debug|Any CPU.Build.0 = Debug|Any CPU
		{62585CFB-52AD-43CD-AB22-55BE188CBD81}.Release|Any CPU.ActiveCfg = Release|Any CPU
		{62585CFB-52AD-43CD-AB22-55BE188CBD81}.Release|Any CPU.Build.0 = Release|Any CPU
	EndGlobalSection
	GlobalSection(SolutionProperties) = preSolution
		HideSolutionNode = FALSE
	EndGlobalSection
	GlobalSection(ExtensibilityGlobals) = postSolution
		SolutionGuid = {3D1AB75E-1988-4ADE-9F6F-6FB5A441B0B3}
	EndGlobalSection
EndGlobal
